
Microsoft Visual Studio Solution File, Format Version 12.00
# Visual Studio Version 17
VisualStudioVersion = 17.4.33213.308
MinimumVisualStudioVersion = 10.0.40219.1
Project("{2150E333-8FDC-42A3-9474-1A3956D46DE8}") = "tests", "tests", "{AAFEE2E8-E7FE-4856-A091-54785BCBD301}"
EndProject
Project("{2150E333-8FDC-42A3-9474-1A3956D46DE8}") = "modules", "modules", "{8E318CE6-1787-42DC-A7F2-7A1A4414722F}"
EndProject
Project("{2150E333-8FDC-42A3-9474-1A3956D46DE8}") = "projects", "projects", "{044BB8C0-7110-4785-B6AB-EF96BD9579A8}"
EndProject
Project("{2150E333-8FDC-42A3-9474-1A3956D46DE8}") = "extensions", "extensions", "{C7CFAE53-BCBB-4C01-B4B0-39FA489F556E}"
EndProject
Project("{2150E333-8FDC-42A3-9474-1A3956D46DE8}") = "core", "core", "{024AFB3F-E0F0-4DE0-B625-2DD3D0F8C8D0}"
EndProject
Project("{2150E333-8FDC-42A3-9474-1A3956D46DE8}") = "extensions", "extensions", "{9CBC46B7-B955-4698-BB19-73CC5D09C530}"
EndProject
Project("{2150E333-8FDC-42A3-9474-1A3956D46DE8}") = "core", "core", "{59889A71-DEB6-4819-A64A-42F927E5212E}"
EndProject
Project("{2150E333-8FDC-42A3-9474-1A3956D46DE8}") = "projects", "projects", "{06EDFD0A-2674-4173-9CA3-A5669FA01D45}"
EndProject
Project("{9A19103F-16F7-4668-BE54-9A1E7A4F7556}") = "ITFCode.Extensions.BooleanExtendors", "modules\extensions\ITFCode.Extensions.BooleanExtendors\ITFCode.Extensions.BooleanExtendors.csproj", "{6B96F468-4A06-4B65-9DCA-483CC801C9D7}"
EndProject
Project("{9A19103F-16F7-4668-BE54-9A1E7A4F7556}") = "ITFCode.Extensions.ComparableExtendors", "modules\extensions\ITFCode.Extensions.ComparableExtendors\ITFCode.Extensions.ComparableExtendors.csproj", "{70A41039-BEE1-4675-8926-776C324B0EA8}"
EndProject
Project("{9A19103F-16F7-4668-BE54-9A1E7A4F7556}") = "ITFCode.Extensions.DateTimeExtendors", "modules\extensions\ITFCode.Extensions.DateTimeExtendors\ITFCode.Extensions.DateTimeExtendors.csproj", "{FABDFED3-119C-43B6-837D-2871F801D752}"
EndProject
Project("{9A19103F-16F7-4668-BE54-9A1E7A4F7556}") = "ITFCode.Extensions.DateTimeNullableExtendors", "modules\extensions\ITFCode.Extensions.DateTimeNullableExtendors\ITFCode.Extensions.DateTimeNullableExtendors.csproj", "{2DABD8FC-2E81-4F26-8AF3-392F31BE50FC}"
EndProject
Project("{9A19103F-16F7-4668-BE54-9A1E7A4F7556}") = "ITFCode.Extensions.DateTimeOffsetExtendors", "modules\extensions\ITFCode.Extensions.DateTimeOffsetExtendors\ITFCode.Extensions.DateTimeOffsetExtendors.csproj", "{96CA8BDA-0112-4DDB-8F3E-E70C425EDF37}"
EndProject
Project("{9A19103F-16F7-4668-BE54-9A1E7A4F7556}") = "ITFCode.Extensions.DictionaryExtendors", "modules\extensions\ITFCode.Extensions.DictionaryExtendors\ITFCode.Extensions.DictionaryExtendors.csproj", "{50F63D31-CBFA-4FF0-9AE4-86B3B38A4C11}"
EndProject
Project("{9A19103F-16F7-4668-BE54-9A1E7A4F7556}") = "ITFCode.Extensions.EnumerableExtendors", "modules\extensions\ITFCode.Extensions.EnumerableExtendors\ITFCode.Extensions.EnumerableExtendors.csproj", "{4DE7379F-9DEA-40D0-9B50-E15A77C96D43}"
EndProject
Project("{9A19103F-16F7-4668-BE54-9A1E7A4F7556}") = "ITFCode.Extensions.JavaScriptEnxtendors", "modules\extensions\ITFCode.Extensions.JavaScriptEnxtendors\ITFCode.Extensions.JavaScriptEnxtendors.csproj", "{D50B091D-6A98-449A-B404-7CFF83564C17}"
EndProject
Project("{9A19103F-16F7-4668-BE54-9A1E7A4F7556}") = "ITFCode.Extensions.ListExtendors", "modules\extensions\ITFCode.Extensions.ListExtendors\ITFCode.Extensions.ListExtendors.csproj", "{CABA0225-AA3B-4049-AFB8-6609B5F37AE2}"
EndProject
Project("{9A19103F-16F7-4668-BE54-9A1E7A4F7556}") = "ITFCode.Extensions.ObjectExtendors", "modules\extensions\ITFCode.Extensions.ObjectExtendors\ITFCode.Extensions.ObjectExtendors.csproj", "{6FAD41BC-B03C-41CD-A5A3-D0BAF0D6771B}"
EndProject
Project("{9A19103F-16F7-4668-BE54-9A1E7A4F7556}") = "ITFCode.Extensions.QueryableExtendors", "modules\extensions\ITFCode.Extensions.QueryableExtendors\ITFCode.Extensions.QueryableExtendors.csproj", "{8126437E-FF57-4745-9441-E25EFBAB0973}"
EndProject
Project("{9A19103F-16F7-4668-BE54-9A1E7A4F7556}") = "ITFCode.Extensions.StringExtendors", "modules\extensions\ITFCode.Extensions.StringExtendors\ITFCode.Extensions.StringExtendors.csproj", "{BE7A7A52-7637-4712-8CDF-694E23E41143}"
EndProject
Project("{9A19103F-16F7-4668-BE54-9A1E7A4F7556}") = "ITFCode.Extensions.TypeExtendors", "modules\extensions\ITFCode.Extensions.TypeExtendors\ITFCode.Extensions.TypeExtendors.csproj", "{02C35026-6E3D-4D52-A673-F63276C70E50}"
EndProject
Project("{9A19103F-16F7-4668-BE54-9A1E7A4F7556}") = "ITFCode.Extensions.DateTimeOffsetNullableExtendors", "modules\extensions\ITFCode.Extensions.DateTimeOffsetNullableExtendors\ITFCode.Extensions.DateTimeOffsetNullableExtendors.csproj", "{DF7E594B-541C-4D79-A9DE-E00DD6CCD93C}"
EndProject
Project("{9A19103F-16F7-4668-BE54-9A1E7A4F7556}") = "ITFCode.Core", "modules\core\ITFCode.Core\ITFCode.Core.csproj", "{20C92A51-A001-46A5-BBD3-2D4E74BBABE7}"
EndProject
Project("{9A19103F-16F7-4668-BE54-9A1E7A4F7556}") = "ITFCode.Core.Domain", "modules\core\ITFCode.Core.Domain\ITFCode.Core.Domain.csproj", "{4D3A95A2-DB25-4509-BE01-CD337B6AA299}"
EndProject
Project("{9A19103F-16F7-4668-BE54-9A1E7A4F7556}") = "ITFCode.Core.DTO", "modules\core\ITFCode.Core.DTO\ITFCode.Core.DTO.csproj", "{40BE9809-F9D7-4801-A659-3C3C613FE551}"
EndProject
Project("{9A19103F-16F7-4668-BE54-9A1E7A4F7556}") = "ITFCode.DTO", "projects\ITFCode.DTO\ITFCode.DTO.csproj", "{9B8690EA-8AC1-4982-A691-EA06C7FCCCA0}"
EndProject
Project("{9A19103F-16F7-4668-BE54-9A1E7A4F7556}") = "ITFCode.Domain", "projects\ITFCode.Domain\ITFCode.Domain.csproj", "{A9087347-0879-47AA-A161-19D411E18868}"
EndProject
Project("{9A19103F-16F7-4668-BE54-9A1E7A4F7556}") = "ITFCode.Services", "projects\ITFCode.Services\ITFCode.Services.csproj", "{F6C5533E-5C96-47EA-921D-017AA51667B6}"
EndProject
Project("{9A19103F-16F7-4668-BE54-9A1E7A4F7556}") = "ITFCode.Core.Service", "modules\core\ITFCode.Core.Service\ITFCode.Core.Service.csproj", "{6F3F1ADF-3763-4484-B6E5-61F21BC70B43}"
EndProject
Project("{9A19103F-16F7-4668-BE54-9A1E7A4F7556}") = "ITFCode.Core.Web", "modules\core\ITFCode.Core.Web\ITFCode.Core.Web.csproj", "{316FED7C-A6F8-4022-ACDB-CF3014681608}"
EndProject
Project("{9A19103F-16F7-4668-BE54-9A1E7A4F7556}") = "ITFCode.Extensions.NumberExtendors", "modules\extensions\ITFCode.Extensions.NumberExtendors\ITFCode.Extensions.NumberExtendors.csproj", "{CC3C0D20-668B-4E0E-BE20-E911043DD599}"
EndProject
Project("{9A19103F-16F7-4668-BE54-9A1E7A4F7556}") = "ITFCode.MudBlazorInfo", "projects\ITFCode.MudBlazorInfo\ITFCode.MudBlazorInfo.csproj", "{DFCBCD06-81F7-4C48-AC12-9A20577DD5C8}"
EndProject
Project("{9A19103F-16F7-4668-BE54-9A1E7A4F7556}") = "ITFCode.MudBlazorInfo.Test", "tests\projects\ITFCode.MudBlazorInfo.Test\ITFCode.MudBlazorInfo.Test.csproj", "{C92DBE1B-FDAD-4EC6-8C31-C67FFEEDAC48}"
EndProject
Project("{2150E333-8FDC-42A3-9474-1A3956D46DE8}") = "modules", "modules", "{AB92BD91-968E-4681-BB49-95CD0FFD1340}"
EndProject
Project("{9A19103F-16F7-4668-BE54-9A1E7A4F7556}") = "ITFCode.MudBlazorVocabulary", "projects\ITFCode.MudBlazorVocabulary\ITFCode.MudBlazorVocabulary.csproj", "{9152BF58-00E2-4FC1-9F4F-55C209694842}"
EndProject
Project("{9A19103F-16F7-4668-BE54-9A1E7A4F7556}") = "MudBlazorComponents", "projects\MudBlazorComponents\MudBlazorComponents.csproj", "{96711FDC-130E-482B-AD3A-9E0915BEAEFF}"
EndProject
Project("{2150E333-8FDC-42A3-9474-1A3956D46DE8}") = "lexicon", "lexicon", "{A5376179-CC0D-4C67-B9B9-9AD7FDFE4A11}"
EndProject
Project("{9A19103F-16F7-4668-BE54-9A1E7A4F7556}") = "ITFCode.Lexicon.DataPreparer", "projects\lexicon\ITFCode.Lexicon.DataPreparer\ITFCode.Lexicon.DataPreparer.csproj", "{82BF47CC-A39C-4DBD-A87F-ABC299EA4536}"
EndProject
Project("{9A19103F-16F7-4668-BE54-9A1E7A4F7556}") = "ITFCode.Lexicon.Domain", "projects\lexicon\ITFCode.Lexicon.Domain\ITFCode.Lexicon.Domain.csproj", "{60A3A9F0-3684-44A8-8B50-42518E29E87F}"
EndProject
Project("{9A19103F-16F7-4668-BE54-9A1E7A4F7556}") = "ITFCode.Lexicon.DTO", "projects\lexicon\ITFCode.Lexicon.DTO\ITFCode.Lexicon.DTO.csproj", "{55E69E56-94E4-40A7-A3A7-9882F6E3C0C6}"
EndProject
Project("{9A19103F-16F7-4668-BE54-9A1E7A4F7556}") = "ITFCode.Lexicon.Services", "projects\lexicon\ITFCode.Lexicon.Services\ITFCode.Lexicon.Services.csproj", "{4B8E3AB9-783D-43B3-83C5-BF43184705F1}"
EndProject
Project("{2150E333-8FDC-42A3-9474-1A3956D46DE8}") = "health", "health", "{888B9AF3-B271-4169-9301-50E0A867F90B}"
EndProject
Project("{2150E333-8FDC-42A3-9474-1A3956D46DE8}") = "finance", "finance", "{4293B655-B55B-4331-A446-612F74EB55D6}"
EndProject
Project("{2150E333-8FDC-42A3-9474-1A3956D46DE8}") = "alpha", "alpha", "{3054A7FE-15DF-4F84-B0FC-3F99712C4528}"
EndProject
Project("{9A19103F-16F7-4668-BE54-9A1E7A4F7556}") = "ITFCode.Core.Api", "modules\core\ITFCode.Core.Api\ITFCode.Core.Api.csproj", "{117E6A35-611A-444B-AD14-64F9CF11746B}"
EndProject
Project("{9A19103F-16F7-4668-BE54-9A1E7A4F7556}") = "ITFCode.Core.Service.Tests", "tests\modules\core\ITFCode.Core.Service.Tests\ITFCode.Core.Service.Tests.csproj", "{014662CF-49B0-498C-91DB-F819E00614F7}"
EndProject
Project("{9A19103F-16F7-4668-BE54-9A1E7A4F7556}") = "ITFCode.Extensions.DateTimeExtendors.Tests", "tests\modules\extentions\ITFCode.Extensions.DateTimeExtendors.Tests\ITFCode.Extensions.DateTimeExtendors.Tests.csproj", "{5E306C10-0D02-49CC-90AE-E776D26661B0}"
EndProject
Project("{9A19103F-16F7-4668-BE54-9A1E7A4F7556}") = "ITFCode.Core.Tests", "tests\modules\core\ITFCode.Core.Tests\ITFCode.Core.Tests.csproj", "{25FE7BFF-3617-4ACC-9337-EDF5C44CFB0E}"
EndProject
Project("{FAE04EC0-301F-11D3-BF4B-00C04F79EFBC}") = "ITFCode.Extensions.StringExtendors.Tests", "tests\modules\extentions\ITFCode.Extensions.StringExtendors.Tests\ITFCode.Extensions.StringExtendors.Tests.csproj", "{9AD7853F-818A-4A42-94C3-E92E47CE4D68}"
EndProject
Project("{FAE04EC0-301F-11D3-BF4B-00C04F79EFBC}") = "ITFCode.Core.DTO.Tests", "tests\modules\core\ITFCode.Core.DTO.Tests\ITFCode.Core.DTO.Tests.csproj", "{EF4BAF22-8DDE-4329-B8AA-B1C6F68051BC}"
EndProject
Global
	GlobalSection(SolutionConfigurationPlatforms) = preSolution
		Debug|Any CPU = Debug|Any CPU
		Release|Any CPU = Release|Any CPU
	EndGlobalSection
	GlobalSection(ProjectConfigurationPlatforms) = postSolution
		{6B96F468-4A06-4B65-9DCA-483CC801C9D7}.Debug|Any CPU.ActiveCfg = Debug|Any CPU
		{6B96F468-4A06-4B65-9DCA-483CC801C9D7}.Debug|Any CPU.Build.0 = Debug|Any CPU
		{6B96F468-4A06-4B65-9DCA-483CC801C9D7}.Release|Any CPU.ActiveCfg = Release|Any CPU
		{6B96F468-4A06-4B65-9DCA-483CC801C9D7}.Release|Any CPU.Build.0 = Release|Any CPU
		{70A41039-BEE1-4675-8926-776C324B0EA8}.Debug|Any CPU.ActiveCfg = Debug|Any CPU
		{70A41039-BEE1-4675-8926-776C324B0EA8}.Debug|Any CPU.Build.0 = Debug|Any CPU
		{70A41039-BEE1-4675-8926-776C324B0EA8}.Release|Any CPU.ActiveCfg = Release|Any CPU
		{70A41039-BEE1-4675-8926-776C324B0EA8}.Release|Any CPU.Build.0 = Release|Any CPU
		{FABDFED3-119C-43B6-837D-2871F801D752}.Debug|Any CPU.ActiveCfg = Debug|Any CPU
		{FABDFED3-119C-43B6-837D-2871F801D752}.Debug|Any CPU.Build.0 = Debug|Any CPU
		{FABDFED3-119C-43B6-837D-2871F801D752}.Release|Any CPU.ActiveCfg = Release|Any CPU
		{FABDFED3-119C-43B6-837D-2871F801D752}.Release|Any CPU.Build.0 = Release|Any CPU
		{2DABD8FC-2E81-4F26-8AF3-392F31BE50FC}.Debug|Any CPU.ActiveCfg = Debug|Any CPU
		{2DABD8FC-2E81-4F26-8AF3-392F31BE50FC}.Debug|Any CPU.Build.0 = Debug|Any CPU
		{2DABD8FC-2E81-4F26-8AF3-392F31BE50FC}.Release|Any CPU.ActiveCfg = Release|Any CPU
		{2DABD8FC-2E81-4F26-8AF3-392F31BE50FC}.Release|Any CPU.Build.0 = Release|Any CPU
		{96CA8BDA-0112-4DDB-8F3E-E70C425EDF37}.Debug|Any CPU.ActiveCfg = Debug|Any CPU
		{96CA8BDA-0112-4DDB-8F3E-E70C425EDF37}.Debug|Any CPU.Build.0 = Debug|Any CPU
		{96CA8BDA-0112-4DDB-8F3E-E70C425EDF37}.Release|Any CPU.ActiveCfg = Release|Any CPU
		{96CA8BDA-0112-4DDB-8F3E-E70C425EDF37}.Release|Any CPU.Build.0 = Release|Any CPU
		{50F63D31-CBFA-4FF0-9AE4-86B3B38A4C11}.Debug|Any CPU.ActiveCfg = Debug|Any CPU
		{50F63D31-CBFA-4FF0-9AE4-86B3B38A4C11}.Debug|Any CPU.Build.0 = Debug|Any CPU
		{50F63D31-CBFA-4FF0-9AE4-86B3B38A4C11}.Release|Any CPU.ActiveCfg = Release|Any CPU
		{50F63D31-CBFA-4FF0-9AE4-86B3B38A4C11}.Release|Any CPU.Build.0 = Release|Any CPU
		{4DE7379F-9DEA-40D0-9B50-E15A77C96D43}.Debug|Any CPU.ActiveCfg = Debug|Any CPU
		{4DE7379F-9DEA-40D0-9B50-E15A77C96D43}.Debug|Any CPU.Build.0 = Debug|Any CPU
		{4DE7379F-9DEA-40D0-9B50-E15A77C96D43}.Release|Any CPU.ActiveCfg = Release|Any CPU
		{4DE7379F-9DEA-40D0-9B50-E15A77C96D43}.Release|Any CPU.Build.0 = Release|Any CPU
		{D50B091D-6A98-449A-B404-7CFF83564C17}.Debug|Any CPU.ActiveCfg = Debug|Any CPU
		{D50B091D-6A98-449A-B404-7CFF83564C17}.Debug|Any CPU.Build.0 = Debug|Any CPU
		{D50B091D-6A98-449A-B404-7CFF83564C17}.Release|Any CPU.ActiveCfg = Release|Any CPU
		{D50B091D-6A98-449A-B404-7CFF83564C17}.Release|Any CPU.Build.0 = Release|Any CPU
		{CABA0225-AA3B-4049-AFB8-6609B5F37AE2}.Debug|Any CPU.ActiveCfg = Debug|Any CPU
		{CABA0225-AA3B-4049-AFB8-6609B5F37AE2}.Debug|Any CPU.Build.0 = Debug|Any CPU
		{CABA0225-AA3B-4049-AFB8-6609B5F37AE2}.Release|Any CPU.ActiveCfg = Release|Any CPU
		{CABA0225-AA3B-4049-AFB8-6609B5F37AE2}.Release|Any CPU.Build.0 = Release|Any CPU
		{6FAD41BC-B03C-41CD-A5A3-D0BAF0D6771B}.Debug|Any CPU.ActiveCfg = Debug|Any CPU
		{6FAD41BC-B03C-41CD-A5A3-D0BAF0D6771B}.Debug|Any CPU.Build.0 = Debug|Any CPU
		{6FAD41BC-B03C-41CD-A5A3-D0BAF0D6771B}.Release|Any CPU.ActiveCfg = Release|Any CPU
		{6FAD41BC-B03C-41CD-A5A3-D0BAF0D6771B}.Release|Any CPU.Build.0 = Release|Any CPU
		{8126437E-FF57-4745-9441-E25EFBAB0973}.Debug|Any CPU.ActiveCfg = Debug|Any CPU
		{8126437E-FF57-4745-9441-E25EFBAB0973}.Debug|Any CPU.Build.0 = Debug|Any CPU
		{8126437E-FF57-4745-9441-E25EFBAB0973}.Release|Any CPU.ActiveCfg = Release|Any CPU
		{8126437E-FF57-4745-9441-E25EFBAB0973}.Release|Any CPU.Build.0 = Release|Any CPU
		{BE7A7A52-7637-4712-8CDF-694E23E41143}.Debug|Any CPU.ActiveCfg = Debug|Any CPU
		{BE7A7A52-7637-4712-8CDF-694E23E41143}.Debug|Any CPU.Build.0 = Debug|Any CPU
		{BE7A7A52-7637-4712-8CDF-694E23E41143}.Release|Any CPU.ActiveCfg = Release|Any CPU
		{BE7A7A52-7637-4712-8CDF-694E23E41143}.Release|Any CPU.Build.0 = Release|Any CPU
		{02C35026-6E3D-4D52-A673-F63276C70E50}.Debug|Any CPU.ActiveCfg = Debug|Any CPU
		{02C35026-6E3D-4D52-A673-F63276C70E50}.Debug|Any CPU.Build.0 = Debug|Any CPU
		{02C35026-6E3D-4D52-A673-F63276C70E50}.Release|Any CPU.ActiveCfg = Release|Any CPU
		{02C35026-6E3D-4D52-A673-F63276C70E50}.Release|Any CPU.Build.0 = Release|Any CPU
		{DF7E594B-541C-4D79-A9DE-E00DD6CCD93C}.Debug|Any CPU.ActiveCfg = Debug|Any CPU
		{DF7E594B-541C-4D79-A9DE-E00DD6CCD93C}.Debug|Any CPU.Build.0 = Debug|Any CPU
		{DF7E594B-541C-4D79-A9DE-E00DD6CCD93C}.Release|Any CPU.ActiveCfg = Release|Any CPU
		{DF7E594B-541C-4D79-A9DE-E00DD6CCD93C}.Release|Any CPU.Build.0 = Release|Any CPU
		{20C92A51-A001-46A5-BBD3-2D4E74BBABE7}.Debug|Any CPU.ActiveCfg = Debug|Any CPU
		{20C92A51-A001-46A5-BBD3-2D4E74BBABE7}.Debug|Any CPU.Build.0 = Debug|Any CPU
		{20C92A51-A001-46A5-BBD3-2D4E74BBABE7}.Release|Any CPU.ActiveCfg = Release|Any CPU
		{20C92A51-A001-46A5-BBD3-2D4E74BBABE7}.Release|Any CPU.Build.0 = Release|Any CPU
		{4D3A95A2-DB25-4509-BE01-CD337B6AA299}.Debug|Any CPU.ActiveCfg = Debug|Any CPU
		{4D3A95A2-DB25-4509-BE01-CD337B6AA299}.Debug|Any CPU.Build.0 = Debug|Any CPU
		{4D3A95A2-DB25-4509-BE01-CD337B6AA299}.Release|Any CPU.ActiveCfg = Release|Any CPU
		{4D3A95A2-DB25-4509-BE01-CD337B6AA299}.Release|Any CPU.Build.0 = Release|Any CPU
		{40BE9809-F9D7-4801-A659-3C3C613FE551}.Debug|Any CPU.ActiveCfg = Debug|Any CPU
		{40BE9809-F9D7-4801-A659-3C3C613FE551}.Debug|Any CPU.Build.0 = Debug|Any CPU
		{40BE9809-F9D7-4801-A659-3C3C613FE551}.Release|Any CPU.ActiveCfg = Release|Any CPU
		{40BE9809-F9D7-4801-A659-3C3C613FE551}.Release|Any CPU.Build.0 = Release|Any CPU
		{9B8690EA-8AC1-4982-A691-EA06C7FCCCA0}.Debug|Any CPU.ActiveCfg = Debug|Any CPU
		{9B8690EA-8AC1-4982-A691-EA06C7FCCCA0}.Debug|Any CPU.Build.0 = Debug|Any CPU
		{9B8690EA-8AC1-4982-A691-EA06C7FCCCA0}.Release|Any CPU.ActiveCfg = Release|Any CPU
		{9B8690EA-8AC1-4982-A691-EA06C7FCCCA0}.Release|Any CPU.Build.0 = Release|Any CPU
		{A9087347-0879-47AA-A161-19D411E18868}.Debug|Any CPU.ActiveCfg = Debug|Any CPU
		{A9087347-0879-47AA-A161-19D411E18868}.Debug|Any CPU.Build.0 = Debug|Any CPU
		{A9087347-0879-47AA-A161-19D411E18868}.Release|Any CPU.ActiveCfg = Release|Any CPU
		{A9087347-0879-47AA-A161-19D411E18868}.Release|Any CPU.Build.0 = Release|Any CPU
		{F6C5533E-5C96-47EA-921D-017AA51667B6}.Debug|Any CPU.ActiveCfg = Debug|Any CPU
		{F6C5533E-5C96-47EA-921D-017AA51667B6}.Debug|Any CPU.Build.0 = Debug|Any CPU
		{F6C5533E-5C96-47EA-921D-017AA51667B6}.Release|Any CPU.ActiveCfg = Release|Any CPU
		{F6C5533E-5C96-47EA-921D-017AA51667B6}.Release|Any CPU.Build.0 = Release|Any CPU
		{6F3F1ADF-3763-4484-B6E5-61F21BC70B43}.Debug|Any CPU.ActiveCfg = Debug|Any CPU
		{6F3F1ADF-3763-4484-B6E5-61F21BC70B43}.Debug|Any CPU.Build.0 = Debug|Any CPU
		{6F3F1ADF-3763-4484-B6E5-61F21BC70B43}.Release|Any CPU.ActiveCfg = Release|Any CPU
		{6F3F1ADF-3763-4484-B6E5-61F21BC70B43}.Release|Any CPU.Build.0 = Release|Any CPU
		{316FED7C-A6F8-4022-ACDB-CF3014681608}.Debug|Any CPU.ActiveCfg = Debug|Any CPU
		{316FED7C-A6F8-4022-ACDB-CF3014681608}.Debug|Any CPU.Build.0 = Debug|Any CPU
		{316FED7C-A6F8-4022-ACDB-CF3014681608}.Release|Any CPU.ActiveCfg = Release|Any CPU
		{316FED7C-A6F8-4022-ACDB-CF3014681608}.Release|Any CPU.Build.0 = Release|Any CPU
		{CC3C0D20-668B-4E0E-BE20-E911043DD599}.Debug|Any CPU.ActiveCfg = Debug|Any CPU
		{CC3C0D20-668B-4E0E-BE20-E911043DD599}.Debug|Any CPU.Build.0 = Debug|Any CPU
		{CC3C0D20-668B-4E0E-BE20-E911043DD599}.Release|Any CPU.ActiveCfg = Release|Any CPU
		{CC3C0D20-668B-4E0E-BE20-E911043DD599}.Release|Any CPU.Build.0 = Release|Any CPU
		{DFCBCD06-81F7-4C48-AC12-9A20577DD5C8}.Debug|Any CPU.ActiveCfg = Debug|Any CPU
		{DFCBCD06-81F7-4C48-AC12-9A20577DD5C8}.Debug|Any CPU.Build.0 = Debug|Any CPU
		{DFCBCD06-81F7-4C48-AC12-9A20577DD5C8}.Release|Any CPU.ActiveCfg = Release|Any CPU
		{DFCBCD06-81F7-4C48-AC12-9A20577DD5C8}.Release|Any CPU.Build.0 = Release|Any CPU
		{C92DBE1B-FDAD-4EC6-8C31-C67FFEEDAC48}.Debug|Any CPU.ActiveCfg = Debug|Any CPU
		{C92DBE1B-FDAD-4EC6-8C31-C67FFEEDAC48}.Debug|Any CPU.Build.0 = Debug|Any CPU
		{C92DBE1B-FDAD-4EC6-8C31-C67FFEEDAC48}.Release|Any CPU.ActiveCfg = Release|Any CPU
		{C92DBE1B-FDAD-4EC6-8C31-C67FFEEDAC48}.Release|Any CPU.Build.0 = Release|Any CPU
		{9152BF58-00E2-4FC1-9F4F-55C209694842}.Debug|Any CPU.ActiveCfg = Debug|Any CPU
		{9152BF58-00E2-4FC1-9F4F-55C209694842}.Debug|Any CPU.Build.0 = Debug|Any CPU
		{9152BF58-00E2-4FC1-9F4F-55C209694842}.Release|Any CPU.ActiveCfg = Release|Any CPU
		{9152BF58-00E2-4FC1-9F4F-55C209694842}.Release|Any CPU.Build.0 = Release|Any CPU
		{96711FDC-130E-482B-AD3A-9E0915BEAEFF}.Debug|Any CPU.ActiveCfg = Debug|Any CPU
		{96711FDC-130E-482B-AD3A-9E0915BEAEFF}.Debug|Any CPU.Build.0 = Debug|Any CPU
		{96711FDC-130E-482B-AD3A-9E0915BEAEFF}.Release|Any CPU.ActiveCfg = Release|Any CPU
		{96711FDC-130E-482B-AD3A-9E0915BEAEFF}.Release|Any CPU.Build.0 = Release|Any CPU
		{82BF47CC-A39C-4DBD-A87F-ABC299EA4536}.Debug|Any CPU.ActiveCfg = Debug|Any CPU
		{82BF47CC-A39C-4DBD-A87F-ABC299EA4536}.Debug|Any CPU.Build.0 = Debug|Any CPU
		{82BF47CC-A39C-4DBD-A87F-ABC299EA4536}.Release|Any CPU.ActiveCfg = Release|Any CPU
		{82BF47CC-A39C-4DBD-A87F-ABC299EA4536}.Release|Any CPU.Build.0 = Release|Any CPU
		{60A3A9F0-3684-44A8-8B50-42518E29E87F}.Debug|Any CPU.ActiveCfg = Debug|Any CPU
		{60A3A9F0-3684-44A8-8B50-42518E29E87F}.Debug|Any CPU.Build.0 = Debug|Any CPU
		{60A3A9F0-3684-44A8-8B50-42518E29E87F}.Release|Any CPU.ActiveCfg = Release|Any CPU
		{60A3A9F0-3684-44A8-8B50-42518E29E87F}.Release|Any CPU.Build.0 = Release|Any CPU
		{55E69E56-94E4-40A7-A3A7-9882F6E3C0C6}.Debug|Any CPU.ActiveCfg = Debug|Any CPU
		{55E69E56-94E4-40A7-A3A7-9882F6E3C0C6}.Debug|Any CPU.Build.0 = Debug|Any CPU
		{55E69E56-94E4-40A7-A3A7-9882F6E3C0C6}.Release|Any CPU.ActiveCfg = Release|Any CPU
		{55E69E56-94E4-40A7-A3A7-9882F6E3C0C6}.Release|Any CPU.Build.0 = Release|Any CPU
		{4B8E3AB9-783D-43B3-83C5-BF43184705F1}.Debug|Any CPU.ActiveCfg = Debug|Any CPU
		{4B8E3AB9-783D-43B3-83C5-BF43184705F1}.Debug|Any CPU.Build.0 = Debug|Any CPU
		{4B8E3AB9-783D-43B3-83C5-BF43184705F1}.Release|Any CPU.ActiveCfg = Release|Any CPU
		{4B8E3AB9-783D-43B3-83C5-BF43184705F1}.Release|Any CPU.Build.0 = Release|Any CPU
		{117E6A35-611A-444B-AD14-64F9CF11746B}.Debug|Any CPU.ActiveCfg = Debug|Any CPU
		{117E6A35-611A-444B-AD14-64F9CF11746B}.Debug|Any CPU.Build.0 = Debug|Any CPU
		{117E6A35-611A-444B-AD14-64F9CF11746B}.Release|Any CPU.ActiveCfg = Release|Any CPU
		{117E6A35-611A-444B-AD14-64F9CF11746B}.Release|Any CPU.Build.0 = Release|Any CPU
		{014662CF-49B0-498C-91DB-F819E00614F7}.Debug|Any CPU.ActiveCfg = Debug|Any CPU
		{014662CF-49B0-498C-91DB-F819E00614F7}.Debug|Any CPU.Build.0 = Debug|Any CPU
		{014662CF-49B0-498C-91DB-F819E00614F7}.Release|Any CPU.ActiveCfg = Release|Any CPU
		{014662CF-49B0-498C-91DB-F819E00614F7}.Release|Any CPU.Build.0 = Release|Any CPU
		{5E306C10-0D02-49CC-90AE-E776D26661B0}.Debug|Any CPU.ActiveCfg = Debug|Any CPU
		{5E306C10-0D02-49CC-90AE-E776D26661B0}.Debug|Any CPU.Build.0 = Debug|Any CPU
		{5E306C10-0D02-49CC-90AE-E776D26661B0}.Release|Any CPU.ActiveCfg = Release|Any CPU
		{5E306C10-0D02-49CC-90AE-E776D26661B0}.Release|Any CPU.Build.0 = Release|Any CPU
		{25FE7BFF-3617-4ACC-9337-EDF5C44CFB0E}.Debug|Any CPU.ActiveCfg = Debug|Any CPU
		{25FE7BFF-3617-4ACC-9337-EDF5C44CFB0E}.Debug|Any CPU.Build.0 = Debug|Any CPU
		{25FE7BFF-3617-4ACC-9337-EDF5C44CFB0E}.Release|Any CPU.ActiveCfg = Release|Any CPU
		{25FE7BFF-3617-4ACC-9337-EDF5C44CFB0E}.Release|Any CPU.Build.0 = Release|Any CPU
		{9AD7853F-818A-4A42-94C3-E92E47CE4D68}.Debug|Any CPU.ActiveCfg = Debug|Any CPU
		{9AD7853F-818A-4A42-94C3-E92E47CE4D68}.Debug|Any CPU.Build.0 = Debug|Any CPU
		{9AD7853F-818A-4A42-94C3-E92E47CE4D68}.Release|Any CPU.ActiveCfg = Release|Any CPU
		{9AD7853F-818A-4A42-94C3-E92E47CE4D68}.Release|Any CPU.Build.0 = Release|Any CPU
		{EF4BAF22-8DDE-4329-B8AA-B1C6F68051BC}.Debug|Any CPU.ActiveCfg = Debug|Any CPU
		{EF4BAF22-8DDE-4329-B8AA-B1C6F68051BC}.Debug|Any CPU.Build.0 = Debug|Any CPU
		{EF4BAF22-8DDE-4329-B8AA-B1C6F68051BC}.Release|Any CPU.ActiveCfg = Release|Any CPU
		{EF4BAF22-8DDE-4329-B8AA-B1C6F68051BC}.Release|Any CPU.Build.0 = Release|Any CPU
	EndGlobalSection
	GlobalSection(SolutionProperties) = preSolution
		HideSolutionNode = FALSE
	EndGlobalSection
	GlobalSection(NestedProjects) = preSolution
		{C7CFAE53-BCBB-4C01-B4B0-39FA489F556E} = {8E318CE6-1787-42DC-A7F2-7A1A4414722F}
		{024AFB3F-E0F0-4DE0-B625-2DD3D0F8C8D0} = {8E318CE6-1787-42DC-A7F2-7A1A4414722F}
		{9CBC46B7-B955-4698-BB19-73CC5D09C530} = {AB92BD91-968E-4681-BB49-95CD0FFD1340}
		{59889A71-DEB6-4819-A64A-42F927E5212E} = {AB92BD91-968E-4681-BB49-95CD0FFD1340}
		{06EDFD0A-2674-4173-9CA3-A5669FA01D45} = {AAFEE2E8-E7FE-4856-A091-54785BCBD301}
		{6B96F468-4A06-4B65-9DCA-483CC801C9D7} = {C7CFAE53-BCBB-4C01-B4B0-39FA489F556E}
		{70A41039-BEE1-4675-8926-776C324B0EA8} = {C7CFAE53-BCBB-4C01-B4B0-39FA489F556E}
		{FABDFED3-119C-43B6-837D-2871F801D752} = {C7CFAE53-BCBB-4C01-B4B0-39FA489F556E}
		{2DABD8FC-2E81-4F26-8AF3-392F31BE50FC} = {C7CFAE53-BCBB-4C01-B4B0-39FA489F556E}
		{96CA8BDA-0112-4DDB-8F3E-E70C425EDF37} = {C7CFAE53-BCBB-4C01-B4B0-39FA489F556E}
		{50F63D31-CBFA-4FF0-9AE4-86B3B38A4C11} = {C7CFAE53-BCBB-4C01-B4B0-39FA489F556E}
		{4DE7379F-9DEA-40D0-9B50-E15A77C96D43} = {C7CFAE53-BCBB-4C01-B4B0-39FA489F556E}
		{D50B091D-6A98-449A-B404-7CFF83564C17} = {C7CFAE53-BCBB-4C01-B4B0-39FA489F556E}
		{CABA0225-AA3B-4049-AFB8-6609B5F37AE2} = {C7CFAE53-BCBB-4C01-B4B0-39FA489F556E}
		{6FAD41BC-B03C-41CD-A5A3-D0BAF0D6771B} = {C7CFAE53-BCBB-4C01-B4B0-39FA489F556E}
		{8126437E-FF57-4745-9441-E25EFBAB0973} = {C7CFAE53-BCBB-4C01-B4B0-39FA489F556E}
		{BE7A7A52-7637-4712-8CDF-694E23E41143} = {C7CFAE53-BCBB-4C01-B4B0-39FA489F556E}
		{02C35026-6E3D-4D52-A673-F63276C70E50} = {C7CFAE53-BCBB-4C01-B4B0-39FA489F556E}
		{DF7E594B-541C-4D79-A9DE-E00DD6CCD93C} = {C7CFAE53-BCBB-4C01-B4B0-39FA489F556E}
		{20C92A51-A001-46A5-BBD3-2D4E74BBABE7} = {024AFB3F-E0F0-4DE0-B625-2DD3D0F8C8D0}
		{4D3A95A2-DB25-4509-BE01-CD337B6AA299} = {024AFB3F-E0F0-4DE0-B625-2DD3D0F8C8D0}
		{40BE9809-F9D7-4801-A659-3C3C613FE551} = {024AFB3F-E0F0-4DE0-B625-2DD3D0F8C8D0}
		{9B8690EA-8AC1-4982-A691-EA06C7FCCCA0} = {044BB8C0-7110-4785-B6AB-EF96BD9579A8}
		{A9087347-0879-47AA-A161-19D411E18868} = {044BB8C0-7110-4785-B6AB-EF96BD9579A8}
		{F6C5533E-5C96-47EA-921D-017AA51667B6} = {044BB8C0-7110-4785-B6AB-EF96BD9579A8}
		{6F3F1ADF-3763-4484-B6E5-61F21BC70B43} = {024AFB3F-E0F0-4DE0-B625-2DD3D0F8C8D0}
		{316FED7C-A6F8-4022-ACDB-CF3014681608} = {024AFB3F-E0F0-4DE0-B625-2DD3D0F8C8D0}
		{CC3C0D20-668B-4E0E-BE20-E911043DD599} = {C7CFAE53-BCBB-4C01-B4B0-39FA489F556E}
		{DFCBCD06-81F7-4C48-AC12-9A20577DD5C8} = {044BB8C0-7110-4785-B6AB-EF96BD9579A8}
		{C92DBE1B-FDAD-4EC6-8C31-C67FFEEDAC48} = {06EDFD0A-2674-4173-9CA3-A5669FA01D45}
		{AB92BD91-968E-4681-BB49-95CD0FFD1340} = {AAFEE2E8-E7FE-4856-A091-54785BCBD301}
		{9152BF58-00E2-4FC1-9F4F-55C209694842} = {044BB8C0-7110-4785-B6AB-EF96BD9579A8}
		{96711FDC-130E-482B-AD3A-9E0915BEAEFF} = {044BB8C0-7110-4785-B6AB-EF96BD9579A8}
		{A5376179-CC0D-4C67-B9B9-9AD7FDFE4A11} = {044BB8C0-7110-4785-B6AB-EF96BD9579A8}
		{82BF47CC-A39C-4DBD-A87F-ABC299EA4536} = {A5376179-CC0D-4C67-B9B9-9AD7FDFE4A11}
		{60A3A9F0-3684-44A8-8B50-42518E29E87F} = {A5376179-CC0D-4C67-B9B9-9AD7FDFE4A11}
		{55E69E56-94E4-40A7-A3A7-9882F6E3C0C6} = {A5376179-CC0D-4C67-B9B9-9AD7FDFE4A11}
		{4B8E3AB9-783D-43B3-83C5-BF43184705F1} = {A5376179-CC0D-4C67-B9B9-9AD7FDFE4A11}
		{888B9AF3-B271-4169-9301-50E0A867F90B} = {044BB8C0-7110-4785-B6AB-EF96BD9579A8}
		{4293B655-B55B-4331-A446-612F74EB55D6} = {044BB8C0-7110-4785-B6AB-EF96BD9579A8}
		{3054A7FE-15DF-4F84-B0FC-3F99712C4528} = {044BB8C0-7110-4785-B6AB-EF96BD9579A8}
		{117E6A35-611A-444B-AD14-64F9CF11746B} = {024AFB3F-E0F0-4DE0-B625-2DD3D0F8C8D0}
		{014662CF-49B0-498C-91DB-F819E00614F7} = {59889A71-DEB6-4819-A64A-42F927E5212E}
		{5E306C10-0D02-49CC-90AE-E776D26661B0} = {9CBC46B7-B955-4698-BB19-73CC5D09C530}
		{25FE7BFF-3617-4ACC-9337-EDF5C44CFB0E} = {59889A71-DEB6-4819-A64A-42F927E5212E}
		{9AD7853F-818A-4A42-94C3-E92E47CE4D68} = {9CBC46B7-B955-4698-BB19-73CC5D09C530}
		{EF4BAF22-8DDE-4329-B8AA-B1C6F68051BC} = {59889A71-DEB6-4819-A64A-42F927E5212E}
	EndGlobalSection
	GlobalSection(ExtensibilityGlobals) = postSolution
		SolutionGuid = {83B52C76-66B1-46D1-8EA7-96DEB1478711}
	EndGlobalSection
EndGlobal
